
Microsoft Visual Studio Solution File, Format Version 12.00
# Visual Studio 14
VisualStudioVersion = 14.0.25420.1
MinimumVisualStudioVersion = 10.0.40219.1
Project("{2150E333-8FDC-42A3-9474-1A3956D46DE8}") = "Lab 1", "Lab 1", "{D12A0524-3F80-4867-9723-02EA8F1090A1}"
EndProject
Project("{8BB2217D-0F2D-49D1-97BC-3654ED321F3B}") = "Cecs475.Poker.Core", "Lab 1\src\Cecs475.Poker.Core\Cecs475.Poker.Core.xproj", "{A3D8FB42-40FD-4303-A30A-6EBC928BDB21}"
EndProject
Project("{8BB2217D-0F2D-49D1-97BC-3654ED321F3B}") = "Cecs475.Poker.Test", "Lab 1\test\Cecs475.Poker.Test\Cecs475.Poker.Test.xproj", "{0F983D1B-F9B4-4337-BDB4-C764B04A804F}"
EndProject
Project("{2150E333-8FDC-42A3-9474-1A3956D46DE8}") = "Lab 2", "Lab 2", "{536D258B-FD62-4B9F-870D-8D014B507517}"
EndProject
Project("{8BB2217D-0F2D-49D1-97BC-3654ED321F3B}") = "Cecs475.Pokemon.Core", "Lab 2\src\Cecs475.Pokemon.Core\Cecs475.Pokemon.Core.xproj", "{D3FC7D18-086F-4235-8101-53A6AB640613}"
EndProject
Project("{8BB2217D-0F2D-49D1-97BC-3654ED321F3B}") = "Cecs475.Pokemon.Test", "Lab 2\test\Cecs475.Pokemon.Test\Cecs475.Pokemon.Test.xproj", "{93719C28-B102-408A-82ED-A176BC504AF2}"
EndProject
Project("{2150E333-8FDC-42A3-9474-1A3956D46DE8}") = "Lab 3", "Lab 3", "{F5CE002C-A482-4EA1-84E9-CC34560E8719}"
EndProject
Project("{8BB2217D-0F2D-49D1-97BC-3654ED321F3B}") = "Cecs475.BoardGames", "Project 1\src\Cecs475.BoardGames\Cecs475.BoardGames.xproj", "{B7976D9B-8C23-4239-8E4A-0DF6BD1AB9CA}"
EndProject
Project("{8BB2217D-0F2D-49D1-97BC-3654ED321F3B}") = "Cecs475.BoardGames.Chess", "Project 1\src\Cecs475.BoardGames.Chess\Cecs475.BoardGames.Chess.xproj", "{31003E33-529F-476A-94D1-F7D9DF90B751}"
EndProject
Project("{8BB2217D-0F2D-49D1-97BC-3654ED321F3B}") = "Cecs475.BoardGames.Chess.Test", "Project 1\test\Cecs475.BoardGames.Chess.Test\Cecs475.BoardGames.Chess.Test.xproj", "{BBA20252-0205-407D-9860-D966B8922282}"
EndProject
Project("{8BB2217D-0F2D-49D1-97BC-3654ED321F3B}") = "Cecs475.BoardGames.Application", "Project 1\src\Cecs475.BoardGames.Application\Cecs475.BoardGames.Application.xproj", "{EEF600F6-58EB-44C9-A2D8-46CA79F6C894}"
EndProject
Project("{8BB2217D-0F2D-49D1-97BC-3654ED321F3B}") = "Cecs475.BoardGames.Othello", "Project 1\src\Cecs475.BoardGames.Othello\Cecs475.BoardGames.Othello.xproj", "{95053192-B91F-4655-8AE4-B6A449879000}"
EndProject
Project("{2150E333-8FDC-42A3-9474-1A3956D46DE8}") = "Project 1", "Project 1", "{AE371AE2-67C5-4731-9208-44E289177BD8}"
	ProjectSection(SolutionItems) = preProject
		Project 1\global.json = Project 1\global.json
	EndProjectSection
EndProject
Project("{2150E333-8FDC-42A3-9474-1A3956D46DE8}") = "src", "src", "{2D01D790-FD79-4198-BA3A-397D8F71CDD6}"
EndProject
Project("{2150E333-8FDC-42A3-9474-1A3956D46DE8}") = "test", "test", "{F7B204EF-5E26-486E-A5C3-DD36BD609072}"
EndProject
Project("{2150E333-8FDC-42A3-9474-1A3956D46DE8}") = "src", "src", "{9249165B-1FC8-4A95-9D62-5A4D93F6DBFE}"
EndProject
Project("{2150E333-8FDC-42A3-9474-1A3956D46DE8}") = "test", "test", "{15335CBC-9FB3-4B2B-9B86-AF21EAD04395}"
EndProject
Project("{FAE04EC0-301F-11D3-BF4B-00C04F79EFBC}") = "Lab 3", "Lab 3\src\Lab 3\Lab 3.csproj", "{25EC2F07-7589-404F-B0F0-882DEF52F8B3}"
EndProject
Project("{2150E333-8FDC-42A3-9474-1A3956D46DE8}") = "src", "src", "{A08799FF-4EE2-4527-BC21-A1E4AFC481A1}"
EndProject
Project("{2150E333-8FDC-42A3-9474-1A3956D46DE8}") = "test", "test", "{3C7E665D-F0D9-404B-8B86-9E554964BD89}"
EndProject
Project("{2150E333-8FDC-42A3-9474-1A3956D46DE8}") = "Lab 4", "Lab 4", "{B3515AEB-913B-4A3A-93FF-5B7586B67098}"
EndProject
Project("{2150E333-8FDC-42A3-9474-1A3956D46DE8}") = "src", "src", "{C889C765-ABDA-41CF-9B92-A5F20638578C}"
EndProject
Project("{FAE04EC0-301F-11D3-BF4B-00C04F79EFBC}") = "Cecs475.Othello.Model", "Lab 4\src\Cecs475.Othello.Model\Cecs475.Othello.Model.csproj", "{9822A5E9-86FF-4C96-A183-8DAE6D8CE081}"
EndProject
Project("{FAE04EC0-301F-11D3-BF4B-00C04F79EFBC}") = "Cecs475.Othello.Application", "Lab 4\src\Cecs475.Othello.Application\Cecs475.Othello.Application.csproj", "{103EA8F6-8A13-4F8C-8747-92C86F3759B0}"
EndProject
Global
	GlobalSection(SolutionConfigurationPlatforms) = preSolution
		Debug|Any CPU = Debug|Any CPU
		Release|Any CPU = Release|Any CPU
	EndGlobalSection
	GlobalSection(ProjectConfigurationPlatforms) = postSolution
		{A3D8FB42-40FD-4303-A30A-6EBC928BDB21}.Debug|Any CPU.ActiveCfg = Debug|Any CPU
		{A3D8FB42-40FD-4303-A30A-6EBC928BDB21}.Debug|Any CPU.Build.0 = Debug|Any CPU
		{A3D8FB42-40FD-4303-A30A-6EBC928BDB21}.Release|Any CPU.ActiveCfg = Release|Any CPU
		{A3D8FB42-40FD-4303-A30A-6EBC928BDB21}.Release|Any CPU.Build.0 = Release|Any CPU
		{0F983D1B-F9B4-4337-BDB4-C764B04A804F}.Debug|Any CPU.ActiveCfg = Debug|Any CPU
		{0F983D1B-F9B4-4337-BDB4-C764B04A804F}.Debug|Any CPU.Build.0 = Debug|Any CPU
		{0F983D1B-F9B4-4337-BDB4-C764B04A804F}.Release|Any CPU.ActiveCfg = Release|Any CPU
		{0F983D1B-F9B4-4337-BDB4-C764B04A804F}.Release|Any CPU.Build.0 = Release|Any CPU
		{D3FC7D18-086F-4235-8101-53A6AB640613}.Debug|Any CPU.ActiveCfg = Debug|Any CPU
		{D3FC7D18-086F-4235-8101-53A6AB640613}.Debug|Any CPU.Build.0 = Debug|Any CPU
		{D3FC7D18-086F-4235-8101-53A6AB640613}.Release|Any CPU.ActiveCfg = Release|Any CPU
		{D3FC7D18-086F-4235-8101-53A6AB640613}.Release|Any CPU.Build.0 = Release|Any CPU
		{93719C28-B102-408A-82ED-A176BC504AF2}.Debug|Any CPU.ActiveCfg = Debug|Any CPU
		{93719C28-B102-408A-82ED-A176BC504AF2}.Debug|Any CPU.Build.0 = Debug|Any CPU
		{93719C28-B102-408A-82ED-A176BC504AF2}.Release|Any CPU.ActiveCfg = Release|Any CPU
		{93719C28-B102-408A-82ED-A176BC504AF2}.Release|Any CPU.Build.0 = Release|Any CPU
		{B7976D9B-8C23-4239-8E4A-0DF6BD1AB9CA}.Debug|Any CPU.ActiveCfg = Debug|Any CPU
		{B7976D9B-8C23-4239-8E4A-0DF6BD1AB9CA}.Debug|Any CPU.Build.0 = Debug|Any CPU
		{B7976D9B-8C23-4239-8E4A-0DF6BD1AB9CA}.Release|Any CPU.ActiveCfg = Release|Any CPU
		{B7976D9B-8C23-4239-8E4A-0DF6BD1AB9CA}.Release|Any CPU.Build.0 = Release|Any CPU
		{31003E33-529F-476A-94D1-F7D9DF90B751}.Debug|Any CPU.ActiveCfg = Debug|Any CPU
		{31003E33-529F-476A-94D1-F7D9DF90B751}.Debug|Any CPU.Build.0 = Debug|Any CPU
		{31003E33-529F-476A-94D1-F7D9DF90B751}.Release|Any CPU.ActiveCfg = Release|Any CPU
		{31003E33-529F-476A-94D1-F7D9DF90B751}.Release|Any CPU.Build.0 = Release|Any CPU
		{BBA20252-0205-407D-9860-D966B8922282}.Debug|Any CPU.ActiveCfg = Debug|Any CPU
		{BBA20252-0205-407D-9860-D966B8922282}.Debug|Any CPU.Build.0 = Debug|Any CPU
		{BBA20252-0205-407D-9860-D966B8922282}.Release|Any CPU.ActiveCfg = Release|Any CPU
		{BBA20252-0205-407D-9860-D966B8922282}.Release|Any CPU.Build.0 = Release|Any CPU
		{EEF600F6-58EB-44C9-A2D8-46CA79F6C894}.Debug|Any CPU.ActiveCfg = Debug|Any CPU
		{EEF600F6-58EB-44C9-A2D8-46CA79F6C894}.Debug|Any CPU.Build.0 = Debug|Any CPU
		{EEF600F6-58EB-44C9-A2D8-46CA79F6C894}.Release|Any CPU.ActiveCfg = Release|Any CPU
		{EEF600F6-58EB-44C9-A2D8-46CA79F6C894}.Release|Any CPU.Build.0 = Release|Any CPU
		{95053192-B91F-4655-8AE4-B6A449879000}.Debug|Any CPU.ActiveCfg = Debug|Any CPU
		{95053192-B91F-4655-8AE4-B6A449879000}.Debug|Any CPU.Build.0 = Debug|Any CPU
		{95053192-B91F-4655-8AE4-B6A449879000}.Release|Any CPU.ActiveCfg = Release|Any CPU
		{95053192-B91F-4655-8AE4-B6A449879000}.Release|Any CPU.Build.0 = Release|Any CPU
		{25EC2F07-7589-404F-B0F0-882DEF52F8B3}.Debug|Any CPU.ActiveCfg = Debug|Any CPU
		{25EC2F07-7589-404F-B0F0-882DEF52F8B3}.Debug|Any CPU.Build.0 = Debug|Any CPU
		{25EC2F07-7589-404F-B0F0-882DEF52F8B3}.Release|Any CPU.ActiveCfg = Release|Any CPU
		{25EC2F07-7589-404F-B0F0-882DEF52F8B3}.Release|Any CPU.Build.0 = Release|Any CPU
		{9822A5E9-86FF-4C96-A183-8DAE6D8CE081}.Debug|Any CPU.ActiveCfg = Debug|Any CPU
		{9822A5E9-86FF-4C96-A183-8DAE6D8CE081}.Debug|Any CPU.Build.0 = Debug|Any CPU
		{9822A5E9-86FF-4C96-A183-8DAE6D8CE081}.Release|Any CPU.ActiveCfg = Release|Any CPU
		{9822A5E9-86FF-4C96-A183-8DAE6D8CE081}.Release|Any CPU.Build.0 = Release|Any CPU
		{103EA8F6-8A13-4F8C-8747-92C86F3759B0}.Debug|Any CPU.ActiveCfg = Debug|Any CPU
		{103EA8F6-8A13-4F8C-8747-92C86F3759B0}.Debug|Any CPU.Build.0 = Debug|Any CPU
		{103EA8F6-8A13-4F8C-8747-92C86F3759B0}.Release|Any CPU.ActiveCfg = Release|Any CPU
		{103EA8F6-8A13-4F8C-8747-92C86F3759B0}.Release|Any CPU.Build.0 = Release|Any CPU
	EndGlobalSection
	GlobalSection(SolutionProperties) = preSolution
		HideSolutionNode = FALSE
	EndGlobalSection
	GlobalSection(NestedProjects) = preSolution
		{A3D8FB42-40FD-4303-A30A-6EBC928BDB21} = {2D01D790-FD79-4198-BA3A-397D8F71CDD6}
		{0F983D1B-F9B4-4337-BDB4-C764B04A804F} = {F7B204EF-5E26-486E-A5C3-DD36BD609072}
		{D3FC7D18-086F-4235-8101-53A6AB640613} = {9249165B-1FC8-4A95-9D62-5A4D93F6DBFE}
		{93719C28-B102-408A-82ED-A176BC504AF2} = {15335CBC-9FB3-4B2B-9B86-AF21EAD04395}
		{B7976D9B-8C23-4239-8E4A-0DF6BD1AB9CA} = {A08799FF-4EE2-4527-BC21-A1E4AFC481A1}
		{31003E33-529F-476A-94D1-F7D9DF90B751} = {A08799FF-4EE2-4527-BC21-A1E4AFC481A1}
		{BBA20252-0205-407D-9860-D966B8922282} = {3C7E665D-F0D9-404B-8B86-9E554964BD89}
		{EEF600F6-58EB-44C9-A2D8-46CA79F6C894} = {A08799FF-4EE2-4527-BC21-A1E4AFC481A1}
		{95053192-B91F-4655-8AE4-B6A449879000} = {A08799FF-4EE2-4527-BC21-A1E4AFC481A1}
		{2D01D790-FD79-4198-BA3A-397D8F71CDD6} = {D12A0524-3F80-4867-9723-02EA8F1090A1}
		{F7B204EF-5E26-486E-A5C3-DD36BD609072} = {D12A0524-3F80-4867-9723-02EA8F1090A1}
		{9249165B-1FC8-4A95-9D62-5A4D93F6DBFE} = {536D258B-FD62-4B9F-870D-8D014B507517}
		{15335CBC-9FB3-4B2B-9B86-AF21EAD04395} = {536D258B-FD62-4B9F-870D-8D014B507517}
		{25EC2F07-7589-404F-B0F0-882DEF52F8B3} = {F5CE002C-A482-4EA1-84E9-CC34560E8719}
		{A08799FF-4EE2-4527-BC21-A1E4AFC481A1} = {AE371AE2-67C5-4731-9208-44E289177BD8}
		{3C7E665D-F0D9-404B-8B86-9E554964BD89} = {AE371AE2-67C5-4731-9208-44E289177BD8}
		{C889C765-ABDA-41CF-9B92-A5F20638578C} = {B3515AEB-913B-4A3A-93FF-5B7586B67098}
		{9822A5E9-86FF-4C96-A183-8DAE6D8CE081} = {C889C765-ABDA-41CF-9B92-A5F20638578C}
		{103EA8F6-8A13-4F8C-8747-92C86F3759B0} = {C889C765-ABDA-41CF-9B92-A5F20638578C}
	EndGlobalSection
EndGlobal
